
Microsoft Visual Studio Solution File, Format Version 12.00
# Visual Studio Version 17
VisualStudioVersion = 17.11.35431.28
MinimumVisualStudioVersion = 10.0.40219.1
Project("{9A19103F-16F7-4668-BE54-9A1E7A4F7556}") = "CarGo", "CarGo\CarGo.csproj", "{62A94807-215C-469A-BE4E-E329835BC2F9}"
EndProject
Global
	GlobalSection(SolutionConfigurationPlatforms) = preSolution
		Debug|Any CPU = Debug|Any CPU
		Release|Any CPU = Release|Any CPU
	EndGlobalSection
	GlobalSection(ProjectConfigurationPlatforms) = postSolution
		{62A94807-215C-469A-BE4E-E329835BC2F9}.Debug|Any CPU.ActiveCfg = Debug|Any CPU
		{62A94807-215C-469A-BE4E-E329835BC2F9}.Debug|Any CPU.Build.0 = Debug|Any CPU
		{62A94807-215C-469A-BE4E-E329835BC2F9}.Release|Any CPU.ActiveCfg = Release|Any CPU
		{62A94807-215C-469A-BE4E-E329835BC2F9}.Release|Any CPU.Build.0 = Release|Any CPU
	EndGlobalSection
	GlobalSection(SolutionProperties) = preSolution
		HideSolutionNode = FALSE
	EndGlobalSection
	GlobalSection(ExtensibilityGlobals) = postSolution
		SolutionGuid = {A29E5680-E80C-4D7B-B101-300036C05CE2}
	EndGlobalSection
EndGlobal
